
Microsoft Visual Studio Solution File, Format Version 12.00
# Visual Studio Version 17
VisualStudioVersion = 17.7.34031.279
MinimumVisualStudioVersion = 10.0.40219.1
Project("{FAE04EC0-301F-11D3-BF4B-00C04F79EFBC}") = "Module10", "Module10\Module10.csproj", "{7B603CA6-1580-4DB3-B002-F9A07ADBBEF3}"
EndProject
Global
	GlobalSection(SolutionConfigurationPlatforms) = preSolution
		Debug|Any CPU = Debug|Any CPU
		Release|Any CPU = Release|Any CPU
	EndGlobalSection
	GlobalSection(ProjectConfigurationPlatforms) = postSolution
		{7B603CA6-1580-4DB3-B002-F9A07ADBBEF3}.Debug|Any CPU.ActiveCfg = Debug|Any CPU
		{7B603CA6-1580-4DB3-B002-F9A07ADBBEF3}.Debug|Any CPU.Build.0 = Debug|Any CPU
		{7B603CA6-1580-4DB3-B002-F9A07ADBBEF3}.Release|Any CPU.ActiveCfg = Release|Any CPU
		{7B603CA6-1580-4DB3-B002-F9A07ADBBEF3}.Release|Any CPU.Build.0 = Release|Any CPU
	EndGlobalSection
	GlobalSection(SolutionProperties) = preSolution
		HideSolutionNode = FALSE
	EndGlobalSection
	GlobalSection(ExtensibilityGlobals) = postSolution
		SolutionGuid = {3E2B27B3-9365-4AB5-B165-FE926FDA6C21}
	EndGlobalSection
EndGlobal
